
Microsoft Visual Studio Solution File, Format Version 12.00
# Visual Studio Version 17
VisualStudioVersion = 17.2.32602.215
MinimumVisualStudioVersion = 10.0.40219.1
Project("{FAE04EC0-301F-11D3-BF4B-00C04F79EFBC}") = "Ubuntu2OneDrive", "Ubuntu2OneDrive\Ubuntu2OneDrive.csproj", "{7AB67E23-817E-4426-802A-B9706550468F}"
EndProject
Global
	GlobalSection(SolutionConfigurationPlatforms) = preSolution
		Debug|Any CPU = Debug|Any CPU
		Release|Any CPU = Release|Any CPU
	EndGlobalSection
	GlobalSection(ProjectConfigurationPlatforms) = postSolution
		{7AB67E23-817E-4426-802A-B9706550468F}.Debug|Any CPU.ActiveCfg = Debug|Any CPU
		{7AB67E23-817E-4426-802A-B9706550468F}.Debug|Any CPU.Build.0 = Debug|Any CPU
		{7AB67E23-817E-4426-802A-B9706550468F}.Release|Any CPU.ActiveCfg = Release|Any CPU
		{7AB67E23-817E-4426-802A-B9706550468F}.Release|Any CPU.Build.0 = Release|Any CPU
	EndGlobalSection
	GlobalSection(SolutionProperties) = preSolution
		HideSolutionNode = FALSE
	EndGlobalSection
	GlobalSection(ExtensibilityGlobals) = postSolution
		SolutionGuid = {6E031A2C-E5FA-4F7D-AC01-8A5933EEAECC}
	EndGlobalSection
EndGlobal
